// !$*UTF8*$!
{
	archiveVersion = 1;
	classes = {
	};
	objectVersion = 46;
	objects = {

/* Begin PBXBuildFile section */
		2834F2CF16BE3CEF0029927D /* UIKit.framework in Frameworks */ = {isa = PBXBuildFile; fileRef = 2834F2CE16BE3CEF0029927D /* UIKit.framework */; };
		2834F2D116BE3CEF0029927D /* Foundation.framework in Frameworks */ = {isa = PBXBuildFile; fileRef = 2834F2D016BE3CEF0029927D /* Foundation.framework */; };
		2834F2D316BE3CEF0029927D /* CoreGraphics.framework in Frameworks */ = {isa = PBXBuildFile; fileRef = 2834F2D216BE3CEF0029927D /* CoreGraphics.framework */; };
		2834F2D916BE3CEF0029927D /* InfoPlist.strings in Resources */ = {isa = PBXBuildFile; fileRef = 2834F2D716BE3CEF0029927D /* InfoPlist.strings */; };
		2834F2DB16BE3CEF0029927D /* main.m in Sources */ = {isa = PBXBuildFile; fileRef = 2834F2DA16BE3CEF0029927D /* main.m */; };
		2834F2DF16BE3CEF0029927D /* AppDelegate.m in Sources */ = {isa = PBXBuildFile; fileRef = 2834F2DE16BE3CEF0029927D /* AppDelegate.m */; };
		2834F2E116BE3CEF0029927D /* Default.png in Resources */ = {isa = PBXBuildFile; fileRef = 2834F2E016BE3CEF0029927D /* Default.png */; };
		2834F2E316BE3CEF0029927D /* Default@2x.png in Resources */ = {isa = PBXBuildFile; fileRef = 2834F2E216BE3CEF0029927D /* Default@2x.png */; };
		2834F2E516BE3CEF0029927D /* Default-568h@2x.png in Resources */ = {isa = PBXBuildFile; fileRef = 2834F2E416BE3CEF0029927D /* Default-568h@2x.png */; };
		2834F2E816BE3CEF0029927D /* ViewController.m in Sources */ = {isa = PBXBuildFile; fileRef = 2834F2E716BE3CEF0029927D /* ViewController.m */; };
		2834F2EB16BE3CEF0029927D /* ViewController.xib in Resources */ = {isa = PBXBuildFile; fileRef = 2834F2E916BE3CEF0029927D /* ViewController.xib */; };
/* End PBXBuildFile section */

/* Begin PBXFileReference section */
		2834F2CB16BE3CEF0029927D /* UIPicker.app */ = {isa = PBXFileReference; explicitFileType = wrapper.application; includeInIndex = 0; path = UIPicker.app; sourceTree = BUILT_PRODUCTS_DIR; };
		2834F2CE16BE3CEF0029927D /* UIKit.framework */ = {isa = PBXFileReference; lastKnownFileType = wrapper.framework; name = UIKit.framework; path = System/Library/Frameworks/UIKit.framework; sourceTree = SDKROOT; };
		2834F2D016BE3CEF0029927D /* Foundation.framework */ = {isa = PBXFileReference; lastKnownFileType = wrapper.framework; name = Foundation.framework; path = System/Library/Frameworks/Foundation.framework; sourceTree = SDKROOT; };
		2834F2D216BE3CEF0029927D /* CoreGraphics.framework */ = {isa = PBXFileReference; lastKnownFileType = wrapper.framework; name = CoreGraphics.framework; path = System/Library/Frameworks/CoreGraphics.framework; sourceTree = SDKROOT; };
		2834F2D616BE3CEF0029927D /* UIPicker-Info.plist */ = {isa = PBXFileReference; lastKnownFileType = text.plist.xml; path = "UIPicker-Info.plist"; sourceTree = "<group>"; };
		2834F2D816BE3CEF0029927D /* en */ = {isa = PBXFileReference; lastKnownFileType = text.plist.strings; name = en; path = en.lproj/InfoPlist.strings; sourceTree = "<group>"; };
		2834F2DA16BE3CEF0029927D /* main.m */ = {isa = PBXFileReference; lastKnownFileType = sourcecode.c.objc; path = main.m; sourceTree = "<group>"; };
		2834F2DC16BE3CEF0029927D /* UIPicker-Prefix.pch */ = {isa = PBXFileReference; lastKnownFileType = sourcecode.c.h; path = "UIPicker-Prefix.pch"; sourceTree = "<group>"; };
		2834F2DD16BE3CEF0029927D /* AppDelegate.h */ = {isa = PBXFileReference; lastKnownFileType = sourcecode.c.h; path = AppDelegate.h; sourceTree = "<group>"; };
		2834F2DE16BE3CEF0029927D /* AppDelegate.m */ = {isa = PBXFileReference; lastKnownFileType = sourcecode.c.objc; path = AppDelegate.m; sourceTree = "<group>"; };
		2834F2E016BE3CEF0029927D /* Default.png */ = {isa = PBXFileReference; lastKnownFileType = image.png; path = Default.png; sourceTree = "<group>"; };
		2834F2E216BE3CEF0029927D /* Default@2x.png */ = {isa = PBXFileReference; lastKnownFileType = image.png; path = "Default@2x.png"; sourceTree = "<group>"; };
		2834F2E416BE3CEF0029927D /* Default-568h@2x.png */ = {isa = PBXFileReference; lastKnownFileType = image.png; path = "Default-568h@2x.png"; sourceTree = "<group>"; };
		2834F2E616BE3CEF0029927D /* ViewController.h */ = {isa = PBXFileReference; lastKnownFileType = sourcecode.c.h; path = ViewController.h; sourceTree = "<group>"; };
		2834F2E716BE3CEF0029927D /* ViewController.m */ = {isa = PBXFileReference; lastKnownFileType = sourcecode.c.objc; path = ViewController.m; sourceTree = "<group>"; };
		2834F2EA16BE3CEF0029927D /* en */ = {isa = PBXFileReference; lastKnownFileType = file.xib; name = en; path = en.lproj/ViewController.xib; sourceTree = "<group>"; };
/* End PBXFileReference section */

/* Begin PBXFrameworksBuildPhase section */
		2834F2C816BE3CEF0029927D /* Frameworks */ = {
			isa = PBXFrameworksBuildPhase;
			buildActionMask = 2147483647;
			files = (
				2834F2CF16BE3CEF0029927D /* UIKit.framework in Frameworks */,
				2834F2D116BE3CEF0029927D /* Foundation.framework in Frameworks */,
				2834F2D316BE3CEF0029927D /* CoreGraphics.framework in Frameworks */,
			);
			runOnlyForDeploymentPostprocessing = 0;
		};
/* End PBXFrameworksBuildPhase section */

/* Begin PBXGroup section */
		2834F2C216BE3CEF0029927D = {
			isa = PBXGroup;
			children = (
				2834F2D416BE3CEF0029927D /* UIPicker */,
				2834F2CD16BE3CEF0029927D /* Frameworks */,
				2834F2CC16BE3CEF0029927D /* Products */,
			);
			sourceTree = "<group>";
		};
		2834F2CC16BE3CEF0029927D /* Products */ = {
			isa = PBXGroup;
			children = (
				2834F2CB16BE3CEF0029927D /* UIPicker.app */,
			);
			name = Products;
			sourceTree = "<group>";
		};
		2834F2CD16BE3CEF0029927D /* Frameworks */ = {
			isa = PBXGroup;
			children = (
				2834F2CE16BE3CEF0029927D /* UIKit.framework */,
				2834F2D016BE3CEF0029927D /* Foundation.framework */,
				2834F2D216BE3CEF0029927D /* CoreGraphics.framework */,
			);
			name = Frameworks;
			sourceTree = "<group>";
		};
		2834F2D416BE3CEF0029927D /* UIPicker */ = {
			isa = PBXGroup;
			children = (
				2834F2DD16BE3CEF0029927D /* AppDelegate.h */,
				2834F2DE16BE3CEF0029927D /* AppDelegate.m */,
				2834F2E616BE3CEF0029927D /* ViewController.h */,
				2834F2E716BE3CEF0029927D /* ViewController.m */,
				2834F2E916BE3CEF0029927D /* ViewController.xib */,
				2834F2D516BE3CEF0029927D /* Supporting Files */,
			);
			path = UIPicker;
			sourceTree = "<group>";
		};
		2834F2D516BE3CEF0029927D /* Supporting Files */ = {
			isa = PBXGroup;
			children = (
				2834F2D616BE3CEF0029927D /* UIPicker-Info.plist */,
				2834F2D716BE3CEF0029927D /* InfoPlist.strings */,
				2834F2DA16BE3CEF0029927D /* main.m */,
				2834F2DC16BE3CEF0029927D /* UIPicker-Prefix.pch */,
				2834F2E016BE3CEF0029927D /* Default.png */,
				2834F2E216BE3CEF0029927D /* Default@2x.png */,
				2834F2E416BE3CEF0029927D /* Default-568h@2x.png */,
			);
			name = "Supporting Files";
			sourceTree = "<group>";
		};
/* End PBXGroup section */

/* Begin PBXNativeTarget section */
		2834F2CA16BE3CEF0029927D /* UIPicker */ = {
			isa = PBXNativeTarget;
			buildConfigurationList = 2834F2EE16BE3CEF0029927D /* Build configuration list for PBXNativeTarget "UIPicker" */;
			buildPhases = (
				2834F2C716BE3CEF0029927D /* Sources */,
				2834F2C816BE3CEF0029927D /* Frameworks */,
				2834F2C916BE3CEF0029927D /* Resources */,
			);
			buildRules = (
			);
			dependencies = (
			);
			name = UIPicker;
			productName = UIPicker;
			productReference = 2834F2CB16BE3CEF0029927D /* UIPicker.app */;
			productType = "com.apple.product-type.application";
		};
/* End PBXNativeTarget section */

/* Begin PBXProject section */
		2834F2C316BE3CEF0029927D /* Project object */ = {
			isa = PBXProject;
			attributes = {
				LastUpgradeCheck = 0460;
				ORGANIZATIONNAME = Neil;
			};
			buildConfigurationList = 2834F2C616BE3CEF0029927D /* Build configuration list for PBXProject "UIPicker" */;
			compatibilityVersion = "Xcode 3.2";
			developmentRegion = English;
			hasScannedForEncodings = 0;
			knownRegions = (
				en,
			);
			mainGroup = 2834F2C216BE3CEF0029927D;
			productRefGroup = 2834F2CC16BE3CEF0029927D /* Products */;
			projectDirPath = "";
			projectRoot = "";
			targets = (
				2834F2CA16BE3CEF0029927D /* UIPicker */,
			);
		};
/* End PBXProject section */

/* Begin PBXResourcesBuildPhase section */
		2834F2C916BE3CEF0029927D /* Resources */ = {
			isa = PBXResourcesBuildPhase;
			buildActionMask = 2147483647;
			files = (
				2834F2D916BE3CEF0029927D /* InfoPlist.strings in Resources */,
				2834F2E116BE3CEF0029927D /* Default.png in Resources */,
				2834F2E316BE3CEF0029927D /* Default@2x.png in Resources */,
				2834F2E516BE3CEF0029927D /* Default-568h@2x.png in Resources */,
				2834F2EB16BE3CEF0029927D /* ViewController.xib in Resources */,
			);
			runOnlyForDeploymentPostprocessing = 0;
		};
/* End PBXResourcesBuildPhase section */

/* Begin PBXSourcesBuildPhase section */
		2834F2C716BE3CEF0029927D /* Sources */ = {
			isa = PBXSourcesBuildPhase;
			buildActionMask = 2147483647;
			files = (
				2834F2DB16BE3CEF0029927D /* main.m in Sources */,
				2834F2DF16BE3CEF0029927D /* AppDelegate.m in Sources */,
				2834F2E816BE3CEF0029927D /* ViewController.m in Sources */,
			);
			runOnlyForDeploymentPostprocessing = 0;
		};
/* End PBXSourcesBuildPhase section */

/* Begin PBXVariantGroup section */
		2834F2D716BE3CEF0029927D /* InfoPlist.strings */ = {
			isa = PBXVariantGroup;
			children = (
				2834F2D816BE3CEF0029927D /* en */,
			);
			name = InfoPlist.strings;
			sourceTree = "<group>";
		};
		2834F2E916BE3CEF0029927D /* ViewController.xib */ = {
			isa = PBXVariantGroup;
			children = (
				2834F2EA16BE3CEF0029927D /* en */,
			);
			name = ViewController.xib;
			sourceTree = "<group>";
		};
/* End PBXVariantGroup section */

/* Begin XCBuildConfiguration section */
		2834F2EC16BE3CEF0029927D /* Debug */ = {
			isa = XCBuildConfiguration;
			buildSettings = {
				ALWAYS_SEARCH_USER_PATHS = NO;
				CLANG_CXX_LANGUAGE_STANDARD = "gnu++0x";
				CLANG_CXX_LIBRARY = "libc++";
				CLANG_WARN_CONSTANT_CONVERSION = YES;
				CLANG_WARN_EMPTY_BODY = YES;
				CLANG_WARN_ENUM_CONVERSION = YES;
				CLANG_WARN_INT_CONVERSION = YES;
				CLANG_WARN__DUPLICATE_METHOD_MATCH = YES;
				"CODE_SIGN_IDENTITY[sdk=iphoneos*]" = "iPhone Developer";
				COPY_PHASE_STRIP = NO;
				GCC_C_LANGUAGE_STANDARD = gnu99;
				GCC_DYNAMIC_NO_PIC = NO;
				GCC_OPTIMIZATION_LEVEL = 0;
				GCC_PREPROCESSOR_DEFINITIONS = (
					"DEBUG=1",
					"$(inherited)",
				);
				GCC_SYMBOLS_PRIVATE_EXTERN = NO;
				GCC_WARN_ABOUT_RETURN_TYPE = YES;
				GCC_WARN_UNINITIALIZED_AUTOS = YES;
				GCC_WARN_UNUSED_VARIABLE = YES;
				IPHONEOS_DEPLOYMENT_TARGET = 6.1;
				ONLY_ACTIVE_ARCH = YES;
				SDKROOT = iphoneos;
			};
			name = Debug;
		};
		2834F2ED16BE3CEF0029927D /* Release */ = {
			isa = XCBuildConfiguration;
			buildSettings = {
				ALWAYS_SEARCH_USER_PATHS = NO;
				CLANG_CXX_LANGUAGE_STANDARD = "gnu++0x";
				CLANG_CXX_LIBRARY = "libc++";
				CLANG_WARN_CONSTANT_CONVERSION = YES;
				CLANG_WARN_EMPTY_BODY = YES;
				CLANG_WARN_ENUM_CONVERSION = YES;
				CLANG_WARN_INT_CONVERSION = YES;
				CLANG_WARN__DUPLICATE_METHOD_MATCH = YES;
				"CODE_SIGN_IDENTITY[sdk=iphoneos*]" = "iPhone Developer";
				COPY_PHASE_STRIP = YES;
				GCC_C_LANGUAGE_STANDARD = gnu99;
				GCC_WARN_ABOUT_RETURN_TYPE = YES;
				GCC_WARN_UNINITIALIZED_AUTOS = YES;
				GCC_WARN_UNUSED_VARIABLE = YES;
				IPHONEOS_DEPLOYMENT_TARGET = 6.1;
				OTHER_CFLAGS = "-DNS_BLOCK_ASSERTIONS=1";
				SDKROOT = iphoneos;
				VALIDATE_PRODUCT = YES;
			};
			name = Release;
		};
		2834F2EF16BE3CEF0029927D /* Debug */ = {
			isa = XCBuildConfiguration;
			buildSettings = {
				GCC_PRECOMPILE_PREFIX_HEADER = YES;
				GCC_PREFIX_HEADER = "UIPicker/UIPicker-Prefix.pch";
				INFOPLIST_FILE = "UIPicker/UIPicker-Info.plist";
				PRODUCT_NAME = "$(TARGET_NAME)";
				WRAPPER_EXTENSION = app;
			};
			name = Debug;
		};
		2834F2F016BE3CEF0029927D /* Release */ = {
			isa = XCBuildConfiguration;
			buildSettings = {
				GCC_PRECOMPILE_PREFIX_HEADER = YES;
				GCC_PREFIX_HEADER = "UIPicker/UIPicker-Prefix.pch";
				INFOPLIST_FILE = "UIPicker/UIPicker-Info.plist";
				PRODUCT_NAME = "$(TARGET_NAME)";
				WRAPPER_EXTENSION = app;
			};
			name = Release;
		};
/* End XCBuildConfiguration section */

/* Begin XCConfigurationList section */
		2834F2C616BE3CEF0029927D /* Build configuration list for PBXProject "UIPicker" */ = {
			isa = XCConfigurationList;
			buildConfigurations = (
				2834F2EC16BE3CEF0029927D /* Debug */,
				2834F2ED16BE3CEF0029927D /* Release */,
			);
			defaultConfigurationIsVisible = 0;
			defaultConfigurationName = Release;
		};
		2834F2EE16BE3CEF0029927D /* Build configuration list for PBXNativeTarget "UIPicker" */ = {
			isa = XCConfigurationList;
			buildConfigurations = (
				2834F2EF16BE3CEF0029927D /* Debug */,
				2834F2F016BE3CEF0029927D /* Release */,
			);
			defaultConfigurationIsVisible = 0;
		};
/* End XCConfigurationList section */
	};
	rootObject = 2834F2C316BE3CEF0029927D /* Project object */;
}
